{
  "version": 4,
  "terraform_version": "1.13.0",
  "serial": 37,
  "lineage": "9c6c7698-3755-6c07-c14f-70675438b8fe",
  "outputs": {},
  "resources": [
    {
      "module": "module.rds",
      "mode": "managed",
      "type": "aws_s3_bucket",
      "name": "migration_bucket",
      "provider": "provider[\"registry.terraform.io/hashicorp/aws\"]",
      "instances": [
        {
          "status": "tainted",
          "schema_version": 0,
          "attributes": {
            "acceleration_status": "",
            "acl": null,
            "arn": "arn:aws:s3:::vaultcart-migration-storage-9fc52f1f",
            "bucket": "vaultcart-migration-storage-9fc52f1f",
            "bucket_domain_name": "vaultcart-migration-storage-9fc52f1f.s3.amazonaws.com",
            "bucket_prefix": "",
            "bucket_region": null,
            "bucket_regional_domain_name": null,
            "cors_rule": [],
            "force_destroy": true,
            "grant": [
              {
                "id": "5a00ac04872e1faa3ef272beecfe6bed0a9548a30fc708c9008baebed5ba5f3c",
                "permissions": [
                  "FULL_CONTROL"
                ],
                "type": "CanonicalUser",
                "uri": ""
              }
            ],
            "hosted_zone_id": null,
            "id": "vaultcart-migration-storage-9fc52f1f",
            "lifecycle_rule": [],
            "logging": [],
            "object_lock_configuration": null,
            "object_lock_enabled": null,
            "policy": "",
            "region": "us-east-1",
            "replication_configuration": [],
            "request_payer": "BucketOwner",
            "server_side_encryption_configuration": [
              {
                "rule": [
                  {
                    "apply_server_side_encryption_by_default": [
                      {
                        "kms_master_key_id": "",
                        "sse_algorithm": "AES256"
                      }
                    ],
                    "bucket_key_enabled": false
                  }
                ]
              }
            ],
            "tags": null,
            "tags_all": null,
            "timeouts": null,
            "versioning": [
              {
                "enabled": false,
                "mfa_delete": false
              }
            ],
            "website": [],
            "website_domain": null,
            "website_endpoint": null
          },
          "sensitive_attributes": [],
          "identity_schema_version": 0,
          "private": "eyJlMmJmYjczMC1lY2FhLTExZTYtOGY4OC0zNDM2M2JjN2M0YzAiOnsiY3JlYXRlIjoxMjAwMDAwMDAwMDAwLCJkZWxldGUiOjM2MDAwMDAwMDAwMDAsInJlYWQiOjEyMDAwMDAwMDAwMDAsInVwZGF0ZSI6MTIwMDAwMDAwMDAwMH19",
          "dependencies": [
            "module.rds.random_id.suffix"
          ]
        }
      ]
    },
    {
      "module": "module.rds",
      "mode": "managed",
      "type": "random_id",
      "name": "suffix",
      "provider": "provider[\"registry.terraform.io/hashicorp/random\"]",
      "instances": [
        {
          "schema_version": 0,
          "attributes": {
            "b64_std": "n8UvHw==",
            "b64_url": "n8UvHw",
            "byte_length": 4,
            "dec": "2680499999",
            "hex": "9fc52f1f",
            "id": "n8UvHw",
            "keepers": null,
            "prefix": null
          },
          "sensitive_attributes": [],
          "identity_schema_version": 0
        }
      ]
    },
    {
      "module": "module.vpc",
      "mode": "data",
      "type": "aws_subnets",
      "name": "lab_subnets",
      "provider": "provider[\"registry.terraform.io/hashicorp/aws\"]",
      "instances": [
        {
          "schema_version": 0,
          "attributes": {
            "filter": [
              {
                "name": "vpc-id",
                "values": [
                  "vpc-0348f9f407e7997aa"
                ]
              }
            ],
            "id": "us-east-1",
            "ids": [
              "subnet-08fae509e3e827940",
              "subnet-0f3d626b820b57f1a",
              "subnet-0fc7dc727f7301556",
              "subnet-00286dbe70cafb0dd",
              "subnet-05d63a816b90e44d1",
              "subnet-0270babd7a7c8cc91"
            ],
            "region": "us-east-1",
            "tags": null,
            "timeouts": null
          },
          "sensitive_attributes": [],
          "identity_schema_version": 0
        }
      ]
    },
    {
      "module": "module.vpc",
      "mode": "data",
      "type": "aws_vpc",
      "name": "lab_vpc",
      "provider": "provider[\"registry.terraform.io/hashicorp/aws\"]",
      "instances": [
        {
          "schema_version": 0,
          "attributes": {
            "arn": "arn:aws:ec2:us-east-1:714741688719:vpc/vpc-0348f9f407e7997aa",
            "cidr_block": "172.31.0.0/16",
            "cidr_block_associations": [
              {
                "association_id": "vpc-cidr-assoc-0a2a0b54148b74d4b",
                "cidr_block": "172.31.0.0/16",
                "state": "associated"
              }
            ],
            "default": true,
            "dhcp_options_id": "dopt-0157bd29b2e5a4138",
            "enable_dns_hostnames": true,
            "enable_dns_support": true,
            "enable_network_address_usage_metrics": false,
            "filter": null,
            "id": "vpc-0348f9f407e7997aa",
            "instance_tenancy": "default",
            "ipv6_association_id": "",
            "ipv6_cidr_block": "",
            "main_route_table_id": "rtb-0be337330e9560981",
            "owner_id": "714741688719",
            "region": "us-east-1",
            "state": null,
            "tags": {},
            "timeouts": null
          },
          "sensitive_attributes": [],
          "identity_schema_version": 0
        }
      ]
    },
    {
      "module": "module.vpc",
      "mode": "managed",
      "type": "aws_db_subnet_group",
      "name": "vaultcart_db_group",
      "provider": "provider[\"registry.terraform.io/hashicorp/aws\"]",
      "instances": [
        {
          "schema_version": 0,
          "attributes": {
            "arn": "arn:aws:rds:us-east-1:714741688719:subgrp:vaultcart-db-subnet-group",
            "description": "Managed by Terraform",
            "id": "vaultcart-db-subnet-group",
            "name": "vaultcart-db-subnet-group",
            "name_prefix": "",
            "region": "us-east-1",
            "subnet_ids": [
              "subnet-00286dbe70cafb0dd",
              "subnet-0270babd7a7c8cc91",
              "subnet-05d63a816b90e44d1",
              "subnet-08fae509e3e827940",
              "subnet-0f3d626b820b57f1a",
              "subnet-0fc7dc727f7301556"
            ],
            "supported_network_types": [
              "IPV4"
            ],
            "tags": {
              "Name": "VaultCart DB Subnet Group"
            },
            "tags_all": {
              "Name": "VaultCart DB Subnet Group"
            },
            "vpc_id": "vpc-0348f9f407e7997aa"
          },
          "sensitive_attributes": [],
          "identity_schema_version": 0,
          "private": "bnVsbA==",
          "dependencies": [
            "module.vpc.data.aws_subnets.lab_subnets",
            "module.vpc.data.aws_vpc.lab_vpc"
          ]
        }
      ]
    },
    {
      "module": "module.vpc",
      "mode": "managed",
      "type": "aws_security_group",
      "name": "db_sg",
      "provider": "provider[\"registry.terraform.io/hashicorp/aws\"]",
      "instances": [
        {
          "schema_version": 1,
          "attributes": {
            "arn": "arn:aws:ec2:us-east-1:714741688719:security-group/sg-027ac79b8197e11a7",
            "description": "Managed by Terraform",
            "egress": [],
            "id": "sg-027ac79b8197e11a7",
            "ingress": [
              {
                "cidr_blocks": [],
                "description": "",
                "from_port": 1433,
                "ipv6_cidr_blocks": [],
                "prefix_list_ids": [],
                "protocol": "tcp",
                "security_groups": [
                  "sg-0c311ef41d8eab486"
                ],
                "self": false,
                "to_port": 1433
              }
            ],
            "name": "vaultcart-db-sg",
            "name_prefix": "",
            "owner_id": "714741688719",
            "region": "us-east-1",
            "revoke_rules_on_delete": false,
            "tags": {
              "Name": "VaultCart-Private-DB-SG"
            },
            "tags_all": {
              "Name": "VaultCart-Private-DB-SG"
            },
            "timeouts": null,
            "vpc_id": "vpc-0348f9f407e7997aa"
          },
          "sensitive_attributes": [],
          "identity_schema_version": 0,
          "identity": {
            "account_id": "714741688719",
            "id": "sg-027ac79b8197e11a7",
            "region": "us-east-1"
          },
          "private": "eyJlMmJmYjczMC1lY2FhLTExZTYtOGY4OC0zNDM2M2JjN2M0YzAiOnsiY3JlYXRlIjo2MDAwMDAwMDAwMDAsImRlbGV0ZSI6OTAwMDAwMDAwMDAwfSwic2NoZW1hX3ZlcnNpb24iOiIxIn0=",
          "dependencies": [
            "module.vpc.aws_security_group.web_sg",
            "module.vpc.data.aws_vpc.lab_vpc"
          ]
        }
      ]
    },
    {
      "module": "module.vpc",
      "mode": "managed",
      "type": "aws_security_group",
      "name": "web_sg",
      "provider": "provider[\"registry.terraform.io/hashicorp/aws\"]",
      "instances": [
        {
          "schema_version": 1,
          "attributes": {
            "arn": "arn:aws:ec2:us-east-1:714741688719:security-group/sg-0c311ef41d8eab486",
            "description": "Managed by Terraform",
            "egress": [
              {
                "cidr_blocks": [
                  "0.0.0.0/0"
                ],
                "description": "",
                "from_port": 0,
                "ipv6_cidr_blocks": [],
                "prefix_list_ids": [],
                "protocol": "-1",
                "security_groups": [],
                "self": false,
                "to_port": 0
              }
            ],
            "id": "sg-0c311ef41d8eab486",
            "ingress": [
              {
                "cidr_blocks": [
                  "0.0.0.0/0"
                ],
                "description": "",
                "from_port": 3000,
                "ipv6_cidr_blocks": [],
                "prefix_list_ids": [],
                "protocol": "tcp",
                "security_groups": [],
                "self": false,
                "to_port": 3000
              }
            ],
            "name": "vaultcart-web-sg",
            "name_prefix": "",
            "owner_id": "714741688719",
            "region": "us-east-1",
            "revoke_rules_on_delete": false,
            "tags": null,
            "tags_all": {},
            "timeouts": null,
            "vpc_id": "vpc-0348f9f407e7997aa"
          },
          "sensitive_attributes": [],
          "identity_schema_version": 0,
          "identity": {
            "account_id": "714741688719",
            "id": "sg-0c311ef41d8eab486",
            "region": "us-east-1"
          },
          "private": "eyJlMmJmYjczMC1lY2FhLTExZTYtOGY4OC0zNDM2M2JjN2M0YzAiOnsiY3JlYXRlIjo2MDAwMDAwMDAwMDAsImRlbGV0ZSI6OTAwMDAwMDAwMDAwfSwic2NoZW1hX3ZlcnNpb24iOiIxIn0=",
          "dependencies": [
            "module.vpc.data.aws_vpc.lab_vpc"
          ]
        }
      ]
    }
  ],
  "check_results": null
}
